{
  "name": "toondb-node-examples",
  "version": "1.0.0",
  "lockfileVersion": 3,
  "requires": true,
  "packages": {
    "": {
      "name": "toondb-node-examples",
      "version": "1.0.0",
      "license": "ISC",
      "dependencies": {
        "@sushanth/toondb": "^0.2.9"
      }
    },
    "node_modules/@sushanth/toondb": {
      "version": "0.2.9",
      "resolved": "https://registry.npmjs.org/@sushanth/toondb/-/toondb-0.2.9.tgz",
      "integrity": "sha512-0zKsMECrdvw45GK0L18EG2AsiaRADOXOTCP3UOc0nTVORB+LE9wn0iP/2jawFfvAYnEG8HN9gNERNqEqB0ioOQ==",
      "hasInstallScript": true,
      "license": "Apache-2.0",
      "dependencies": {
        "uuid": "^9.0.0"
      },
      "bin": {
        "toondb-bulk": "bin/toondb-bulk.js",
        "toondb-grpc-server": "bin/toondb-grpc-server.js",
        "toondb-server": "bin/toondb-server.js"
      },
      "engines": {
        "node": ">=18.0.0"
      }
    },
    "node_modules/uuid": {
      "version": "9.0.1",
      "resolved": "https://registry.npmjs.org/uuid/-/uuid-9.0.1.tgz",
      "integrity": "sha512-b+1eJOlsR9K8HJpow9Ok3fiWOWSIcIzXodvv0rQjVoOVNpWMpxf1wZNpt4y9h10odCNrqnYp1OBzRktckBe3sA==",
      "funding": [
        "https://github.com/sponsors/broofa",
        "https://github.com/sponsors/ctavan"
      ],
      "license": "MIT",
      "bin": {
        "uuid": "dist/bin/uuid"
      }
    }
  }
}
