{
  "name": "toondb_rag_node",
  "version": "1.0.0",
  "lockfileVersion": 3,
  "requires": true,
  "packages": {
    "": {
      "name": "toondb_rag_node",
      "version": "1.0.0",
      "license": "ISC",
      "dependencies": {
        "@sushanth/toondb": "^0.3.0",
        "dotenv": "^17.2.3",
        "openai": "^6.15.0"
      }
    },
    "node_modules/@sushanth/toondb": {
      "version": "0.3.0",
      "resolved": "https://registry.npmjs.org/@sushanth/toondb/-/toondb-0.3.0.tgz",
      "integrity": "sha512-TlmDiqmiCkNE7Pji9w3E7ta0n//8NzRTZ3evRVlyARKuaqrBNmloqSbf22dpvpMcgBjqOH484x7UwyD0N5uMjQ==",
      "hasInstallScript": true,
      "license": "Apache-2.0",
      "dependencies": {
        "uuid": "^9.0.0"
      },
      "bin": {
        "toondb-bulk": "bin/toondb-bulk.js",
        "toondb-grpc-server": "bin/toondb-grpc-server.js",
        "toondb-server": "bin/toondb-server.js"
      },
      "engines": {
        "node": ">=18.0.0"
      }
    },
    "node_modules/dotenv": {
      "version": "17.2.3",
      "resolved": "https://registry.npmjs.org/dotenv/-/dotenv-17.2.3.tgz",
      "integrity": "sha512-JVUnt+DUIzu87TABbhPmNfVdBDt18BLOWjMUFJMSi/Qqg7NTYtabbvSNJGOJ7afbRuv9D/lngizHtP7QyLQ+9w==",
      "license": "BSD-2-Clause",
      "engines": {
        "node": ">=12"
      },
      "funding": {
        "url": "https://dotenvx.com"
      }
    },
    "node_modules/openai": {
      "version": "6.15.0",
      "resolved": "https://registry.npmjs.org/openai/-/openai-6.15.0.tgz",
      "integrity": "sha512-F1Lvs5BoVvmZtzkUEVyh8mDQPPFolq4F+xdsx/DO8Hee8YF3IGAlZqUIsF+DVGhqf4aU0a3bTghsxB6OIsRy1g==",
      "license": "Apache-2.0",
      "bin": {
        "openai": "bin/cli"
      },
      "peerDependencies": {
        "ws": "^8.18.0",
        "zod": "^3.25 || ^4.0"
      },
      "peerDependenciesMeta": {
        "ws": {
          "optional": true
        },
        "zod": {
          "optional": true
        }
      }
    },
    "node_modules/uuid": {
      "version": "9.0.1",
      "resolved": "https://registry.npmjs.org/uuid/-/uuid-9.0.1.tgz",
      "integrity": "sha512-b+1eJOlsR9K8HJpow9Ok3fiWOWSIcIzXodvv0rQjVoOVNpWMpxf1wZNpt4y9h10odCNrqnYp1OBzRktckBe3sA==",
      "funding": [
        "https://github.com/sponsors/broofa",
        "https://github.com/sponsors/ctavan"
      ],
      "license": "MIT",
      "bin": {
        "uuid": "dist/bin/uuid"
      }
    }
  }
}
